// !$*UTF8*$!
{
	archiveVersion = 1;
	classes = {
	};
	objectVersion = 46;
	objects = {

/* Begin PBXBuildFile section */
		CBA33BA9161357BD000899B6 /* Cocoa.framework in Frameworks */ = {isa = PBXBuildFile; fileRef = CBA33BA8161357BD000899B6 /* Cocoa.framework */; };
		CBA33BB3161357BD000899B6 /* InfoPlist.strings in Resources */ = {isa = PBXBuildFile; fileRef = CBA33BB1161357BD000899B6 /* InfoPlist.strings */; };
		CBA33BB5161357BD000899B6 /* main.m in Sources */ = {isa = PBXBuildFile; fileRef = CBA33BB4161357BD000899B6 /* main.m */; };
		CBA33BBC161357BD000899B6 /* FBAppDelegate.m in Sources */ = {isa = PBXBuildFile; fileRef = CBA33BBB161357BD000899B6 /* FBAppDelegate.m */; };
		CBA33BBF161357BD000899B6 /* MainMenu.xib in Resources */ = {isa = PBXBuildFile; fileRef = CBA33BBD161357BD000899B6 /* MainMenu.xib */; };
		CBA33BD71613580F000899B6 /* Definitions.m in Sources */ = {isa = PBXBuildFile; fileRef = CBA33BCA1613580F000899B6 /* Definitions.m */; };
		CBA33BD81613580F000899B6 /* DeviceListController.m in Sources */ = {isa = PBXBuildFile; fileRef = CBA33BCC1613580F000899B6 /* DeviceListController.m */; };
		CBA33BD91613580F000899B6 /* FSBrowserCell.m in Sources */ = {isa = PBXBuildFile; fileRef = CBA33BCE1613580F000899B6 /* FSBrowserCell.m */; };
		CBA33BDA1613580F000899B6 /* FSBrowserController.m in Sources */ = {isa = PBXBuildFile; fileRef = CBA33BD01613580F000899B6 /* FSBrowserController.m */; };
		CBA33BDB1613580F000899B6 /* FSNode.m in Sources */ = {isa = PBXBuildFile; fileRef = CBA33BD21613580F000899B6 /* FSNode.m */; };
		CBA33BDC1613580F000899B6 /* ImageAndTextCell.m in Sources */ = {isa = PBXBuildFile; fileRef = CBA33BD41613580F000899B6 /* ImageAndTextCell.m */; };
		CBA33BDD1613580F000899B6 /* NSFileManager+FSBAdditions.m in Sources */ = {isa = PBXBuildFile; fileRef = CBA33BD61613580F000899B6 /* NSFileManager+FSBAdditions.m */; };
/* End PBXBuildFile section */

/* Begin PBXFileReference section */
		CBA33BA4161357BD000899B6 /* FileSystemBrowser.app */ = {isa = PBXFileReference; explicitFileType = wrapper.application; includeInIndex = 0; path = FileSystemBrowser.app; sourceTree = BUILT_PRODUCTS_DIR; };
		CBA33BA8161357BD000899B6 /* Cocoa.framework */ = {isa = PBXFileReference; lastKnownFileType = wrapper.framework; name = Cocoa.framework; path = System/Library/Frameworks/Cocoa.framework; sourceTree = SDKROOT; };
		CBA33BAB161357BD000899B6 /* AppKit.framework */ = {isa = PBXFileReference; lastKnownFileType = wrapper.framework; name = AppKit.framework; path = System/Library/Frameworks/AppKit.framework; sourceTree = SDKROOT; };
		CBA33BAC161357BD000899B6 /* CoreData.framework */ = {isa = PBXFileReference; lastKnownFileType = wrapper.framework; name = CoreData.framework; path = System/Library/Frameworks/CoreData.framework; sourceTree = SDKROOT; };
		CBA33BAD161357BD000899B6 /* Foundation.framework */ = {isa = PBXFileReference; lastKnownFileType = wrapper.framework; name = Foundation.framework; path = System/Library/Frameworks/Foundation.framework; sourceTree = SDKROOT; };
		CBA33BB0161357BD000899B6 /* FileSystemBrowser-Info.plist */ = {isa = PBXFileReference; lastKnownFileType = text.plist.xml; path = "FileSystemBrowser-Info.plist"; sourceTree = "<group>"; };
		CBA33BB2161357BD000899B6 /* en */ = {isa = PBXFileReference; lastKnownFileType = text.plist.strings; name = en; path = en.lproj/InfoPlist.strings; sourceTree = "<group>"; };
		CBA33BB4161357BD000899B6 /* main.m */ = {isa = PBXFileReference; lastKnownFileType = sourcecode.c.objc; path = main.m; sourceTree = "<group>"; };
		CBA33BB6161357BD000899B6 /* FileSystemBrowser-Prefix.pch */ = {isa = PBXFileReference; lastKnownFileType = sourcecode.c.h; path = "FileSystemBrowser-Prefix.pch"; sourceTree = "<group>"; };
		CBA33BBA161357BD000899B6 /* FBAppDelegate.h */ = {isa = PBXFileReference; lastKnownFileType = sourcecode.c.h; path = FBAppDelegate.h; sourceTree = "<group>"; };
		CBA33BBB161357BD000899B6 /* FBAppDelegate.m */ = {isa = PBXFileReference; lastKnownFileType = sourcecode.c.objc; path = FBAppDelegate.m; sourceTree = "<group>"; };
		CBA33BBE161357BD000899B6 /* en */ = {isa = PBXFileReference; lastKnownFileType = file.xib; name = en; path = en.lproj/MainMenu.xib; sourceTree = "<group>"; };
		CBA33BC91613580F000899B6 /* Definitions.h */ = {isa = PBXFileReference; fileEncoding = 4; lastKnownFileType = sourcecode.c.h; path = Definitions.h; sourceTree = "<group>"; };
		CBA33BCA1613580F000899B6 /* Definitions.m */ = {isa = PBXFileReference; fileEncoding = 4; lastKnownFileType = sourcecode.c.objc; path = Definitions.m; sourceTree = "<group>"; };
		CBA33BCB1613580F000899B6 /* DeviceListController.h */ = {isa = PBXFileReference; fileEncoding = 4; lastKnownFileType = sourcecode.c.h; path = DeviceListController.h; sourceTree = "<group>"; };
		CBA33BCC1613580F000899B6 /* DeviceListController.m */ = {isa = PBXFileReference; fileEncoding = 4; lastKnownFileType = sourcecode.c.objc; path = DeviceListController.m; sourceTree = "<group>"; };
		CBA33BCD1613580F000899B6 /* FSBrowserCell.h */ = {isa = PBXFileReference; fileEncoding = 4; lastKnownFileType = sourcecode.c.h; path = FSBrowserCell.h; sourceTree = "<group>"; };
		CBA33BCE1613580F000899B6 /* FSBrowserCell.m */ = {isa = PBXFileReference; fileEncoding = 4; lastKnownFileType = sourcecode.c.objc; path = FSBrowserCell.m; sourceTree = "<group>"; };
		CBA33BCF1613580F000899B6 /* FSBrowserController.h */ = {isa = PBXFileReference; fileEncoding = 4; lastKnownFileType = sourcecode.c.h; path = FSBrowserController.h; sourceTree = "<group>"; };
		CBA33BD01613580F000899B6 /* FSBrowserController.m */ = {isa = PBXFileReference; fileEncoding = 4; lastKnownFileType = sourcecode.c.objc; path = FSBrowserController.m; sourceTree = "<group>"; };
		CBA33BD11613580F000899B6 /* FSNode.h */ = {isa = PBXFileReference; fileEncoding = 4; lastKnownFileType = sourcecode.c.h; path = FSNode.h; sourceTree = "<group>"; };
		CBA33BD21613580F000899B6 /* FSNode.m */ = {isa = PBXFileReference; fileEncoding = 4; lastKnownFileType = sourcecode.c.objc; path = FSNode.m; sourceTree = "<group>"; };
		CBA33BD31613580F000899B6 /* ImageAndTextCell.h */ = {isa = PBXFileReference; fileEncoding = 4; lastKnownFileType = sourcecode.c.h; path = ImageAndTextCell.h; sourceTree = "<group>"; };
		CBA33BD41613580F000899B6 /* ImageAndTextCell.m */ = {isa = PBXFileReference; fileEncoding = 4; lastKnownFileType = sourcecode.c.objc; path = ImageAndTextCell.m; sourceTree = "<group>"; };
		CBA33BD51613580F000899B6 /* NSFileManager+FSBAdditions.h */ = {isa = PBXFileReference; fileEncoding = 4; lastKnownFileType = sourcecode.c.h; path = "NSFileManager+FSBAdditions.h"; sourceTree = "<group>"; };
		CBA33BD61613580F000899B6 /* NSFileManager+FSBAdditions.m */ = {isa = PBXFileReference; fileEncoding = 4; lastKnownFileType = sourcecode.c.objc; path = "NSFileManager+FSBAdditions.m"; sourceTree = "<group>"; };
/* End PBXFileReference section */

/* Begin PBXFrameworksBuildPhase section */
		CBA33BA1161357BD000899B6 /* Frameworks */ = {
			isa = PBXFrameworksBuildPhase;
			buildActionMask = 2147483647;
			files = (
				CBA33BA9161357BD000899B6 /* Cocoa.framework in Frameworks */,
			);
			runOnlyForDeploymentPostprocessing = 0;
		};
/* End PBXFrameworksBuildPhase section */

/* Begin PBXGroup section */
		CBA33B99161357BD000899B6 = {
			isa = PBXGroup;
			children = (
				CBA33BAE161357BD000899B6 /* FileSystemBrowser */,
				CBA33BA7161357BD000899B6 /* Frameworks */,
				CBA33BA5161357BD000899B6 /* Products */,
			);
			sourceTree = "<group>";
		};
		CBA33BA5161357BD000899B6 /* Products */ = {
			isa = PBXGroup;
			children = (
				CBA33BA4161357BD000899B6 /* FileSystemBrowser.app */,
			);
			name = Products;
			sourceTree = "<group>";
		};
		CBA33BA7161357BD000899B6 /* Frameworks */ = {
			isa = PBXGroup;
			children = (
				CBA33BA8161357BD000899B6 /* Cocoa.framework */,
				CBA33BAA161357BD000899B6 /* Other Frameworks */,
			);
			name = Frameworks;
			sourceTree = "<group>";
		};
		CBA33BAA161357BD000899B6 /* Other Frameworks */ = {
			isa = PBXGroup;
			children = (
				CBA33BAB161357BD000899B6 /* AppKit.framework */,
				CBA33BAC161357BD000899B6 /* CoreData.framework */,
				CBA33BAD161357BD000899B6 /* Foundation.framework */,
			);
			name = "Other Frameworks";
			sourceTree = "<group>";
		};
		CBA33BAE161357BD000899B6 /* FileSystemBrowser */ = {
			isa = PBXGroup;
			children = (
				CBA33BC91613580F000899B6 /* Definitions.h */,
				CBA33BCA1613580F000899B6 /* Definitions.m */,
				CBA33BCB1613580F000899B6 /* DeviceListController.h */,
				CBA33BCC1613580F000899B6 /* DeviceListController.m */,
				CBA33BBA161357BD000899B6 /* FBAppDelegate.h */,
				CBA33BBB161357BD000899B6 /* FBAppDelegate.m */,
				CBA33BCD1613580F000899B6 /* FSBrowserCell.h */,
				CBA33BCE1613580F000899B6 /* FSBrowserCell.m */,
				CBA33BCF1613580F000899B6 /* FSBrowserController.h */,
				CBA33BD01613580F000899B6 /* FSBrowserController.m */,
				CBA33BD11613580F000899B6 /* FSNode.h */,
				CBA33BD21613580F000899B6 /* FSNode.m */,
				CBA33BD31613580F000899B6 /* ImageAndTextCell.h */,
				CBA33BD41613580F000899B6 /* ImageAndTextCell.m */,
				CBA33BD51613580F000899B6 /* NSFileManager+FSBAdditions.h */,
				CBA33BD61613580F000899B6 /* NSFileManager+FSBAdditions.m */,
				CBA33BBD161357BD000899B6 /* MainMenu.xib */,
				CBA33BAF161357BD000899B6 /* Supporting Files */,
			);
			path = FileSystemBrowser;
			sourceTree = "<group>";
		};
		CBA33BAF161357BD000899B6 /* Supporting Files */ = {
			isa = PBXGroup;
			children = (
				CBA33BB0161357BD000899B6 /* FileSystemBrowser-Info.plist */,
				CBA33BB1161357BD000899B6 /* InfoPlist.strings */,
				CBA33BB4161357BD000899B6 /* main.m */,
				CBA33BB6161357BD000899B6 /* FileSystemBrowser-Prefix.pch */,
			);
			name = "Supporting Files";
			sourceTree = "<group>";
		};
/* End PBXGroup section */

/* Begin PBXNativeTarget section */
		CBA33BA3161357BD000899B6 /* FileSystemBrowser */ = {
			isa = PBXNativeTarget;
			buildConfigurationList = CBA33BC2161357BD000899B6 /* Build configuration list for PBXNativeTarget "FileSystemBrowser" */;
			buildPhases = (
				CBA33BA0161357BD000899B6 /* Sources */,
				CBA33BA1161357BD000899B6 /* Frameworks */,
				CBA33BA2161357BD000899B6 /* Resources */,
			);
			buildRules = (
			);
			dependencies = (
			);
			name = FileSystemBrowser;
			productName = FileSystemBrowser;
			productReference = CBA33BA4161357BD000899B6 /* FileSystemBrowser.app */;
			productType = "com.apple.product-type.application";
		};
/* End PBXNativeTarget section */

/* Begin PBXProject section */
		CBA33B9B161357BD000899B6 /* Project object */ = {
			isa = PBXProject;
			attributes = {
				CLASSPREFIX = FSB;
				LastUpgradeCheck = 0450;
				ORGANIZATIONNAME = "Karl Moskowski";
			};
			buildConfigurationList = CBA33B9E161357BD000899B6 /* Build configuration list for PBXProject "FileSystemBrowser" */;
			compatibilityVersion = "Xcode 3.2";
			developmentRegion = English;
			hasScannedForEncodings = 0;
			knownRegions = (
				en,
			);
			mainGroup = CBA33B99161357BD000899B6;
			productRefGroup = CBA33BA5161357BD000899B6 /* Products */;
			projectDirPath = "";
			projectRoot = "";
			targets = (
				CBA33BA3161357BD000899B6 /* FileSystemBrowser */,
			);
		};
/* End PBXProject section */

/* Begin PBXResourcesBuildPhase section */
		CBA33BA2161357BD000899B6 /* Resources */ = {
			isa = PBXResourcesBuildPhase;
			buildActionMask = 2147483647;
			files = (
				CBA33BB3161357BD000899B6 /* InfoPlist.strings in Resources */,
				CBA33BBF161357BD000899B6 /* MainMenu.xib in Resources */,
			);
			runOnlyForDeploymentPostprocessing = 0;
		};
/* End PBXResourcesBuildPhase section */

/* Begin PBXSourcesBuildPhase section */
		CBA33BA0161357BD000899B6 /* Sources */ = {
			isa = PBXSourcesBuildPhase;
			buildActionMask = 2147483647;
			files = (
				CBA33BB5161357BD000899B6 /* main.m in Sources */,
				CBA33BBC161357BD000899B6 /* FBAppDelegate.m in Sources */,
				CBA33BD71613580F000899B6 /* Definitions.m in Sources */,
				CBA33BD81613580F000899B6 /* DeviceListController.m in Sources */,
				CBA33BD91613580F000899B6 /* FSBrowserCell.m in Sources */,
				CBA33BDA1613580F000899B6 /* FSBrowserController.m in Sources */,
				CBA33BDB1613580F000899B6 /* FSNode.m in Sources */,
				CBA33BDC1613580F000899B6 /* ImageAndTextCell.m in Sources */,
				CBA33BDD1613580F000899B6 /* NSFileManager+FSBAdditions.m in Sources */,
			);
			runOnlyForDeploymentPostprocessing = 0;
		};
/* End PBXSourcesBuildPhase section */

/* Begin PBXVariantGroup section */
		CBA33BB1161357BD000899B6 /* InfoPlist.strings */ = {
			isa = PBXVariantGroup;
			children = (
				CBA33BB2161357BD000899B6 /* en */,
			);
			name = InfoPlist.strings;
			sourceTree = "<group>";
		};
		CBA33BBD161357BD000899B6 /* MainMenu.xib */ = {
			isa = PBXVariantGroup;
			children = (
				CBA33BBE161357BD000899B6 /* en */,
			);
			name = MainMenu.xib;
			sourceTree = "<group>";
		};
/* End PBXVariantGroup section */

/* Begin XCBuildConfiguration section */
		CBA33BC0161357BD000899B6 /* Debug */ = {
			isa = XCBuildConfiguration;
			buildSettings = {
				ALWAYS_SEARCH_USER_PATHS = NO;
				ARCHS = "$(ARCHS_STANDARD_64_BIT)";
				CLANG_CXX_LANGUAGE_STANDARD = "gnu++0x";
				CLANG_CXX_LIBRARY = "libc++";
				CLANG_ENABLE_OBJC_ARC = YES;
				CLANG_WARN_EMPTY_BODY = YES;
				CLANG_WARN__DUPLICATE_METHOD_MATCH = YES;
				COPY_PHASE_STRIP = NO;
				GCC_C_LANGUAGE_STANDARD = gnu99;
				GCC_DYNAMIC_NO_PIC = NO;
				GCC_ENABLE_OBJC_EXCEPTIONS = YES;
				GCC_OPTIMIZATION_LEVEL = 0;
				GCC_PREPROCESSOR_DEFINITIONS = (
					"DEBUG=1",
					"$(inherited)",
				);
				GCC_SYMBOLS_PRIVATE_EXTERN = NO;
				GCC_WARN_64_TO_32_BIT_CONVERSION = YES;
				GCC_WARN_ABOUT_RETURN_TYPE = YES;
				GCC_WARN_UNINITIALIZED_AUTOS = YES;
				GCC_WARN_UNUSED_VARIABLE = YES;
				MACOSX_DEPLOYMENT_TARGET = 10.8;
				ONLY_ACTIVE_ARCH = YES;
				SDKROOT = macosx;
			};
			name = Debug;
		};
		CBA33BC1161357BD000899B6 /* Release */ = {
			isa = XCBuildConfiguration;
			buildSettings = {
				ALWAYS_SEARCH_USER_PATHS = NO;
				ARCHS = "$(ARCHS_STANDARD_64_BIT)";
				CLANG_CXX_LANGUAGE_STANDARD = "gnu++0x";
				CLANG_CXX_LIBRARY = "libc++";
				CLANG_ENABLE_OBJC_ARC = YES;
				CLANG_WARN_EMPTY_BODY = YES;
				CLANG_WARN__DUPLICATE_METHOD_MATCH = YES;
				COPY_PHASE_STRIP = YES;
				DEBUG_INFORMATION_FORMAT = "dwarf-with-dsym";
				GCC_C_LANGUAGE_STANDARD = gnu99;
				GCC_ENABLE_OBJC_EXCEPTIONS = YES;
				GCC_WARN_64_TO_32_BIT_CONVERSION = YES;
				GCC_WARN_ABOUT_RETURN_TYPE = YES;
				GCC_WARN_UNINITIALIZED_AUTOS = YES;
				GCC_WARN_UNUSED_VARIABLE = YES;
				MACOSX_DEPLOYMENT_TARGET = 10.8;
				SDKROOT = macosx;
			};
			name = Release;
		};
		CBA33BC3161357BD000899B6 /* Debug */ = {
			isa = XCBuildConfiguration;
			buildSettings = {
				COMBINE_HIDPI_IMAGES = YES;
				GCC_PRECOMPILE_PREFIX_HEADER = YES;
				GCC_PREFIX_HEADER = "FileSystemBrowser/FileSystemBrowser-Prefix.pch";
				INFOPLIST_FILE = "FileSystemBrowser/FileSystemBrowser-Info.plist";
				PRODUCT_NAME = "$(TARGET_NAME)";
				WRAPPER_EXTENSION = app;
			};
			name = Debug;
		};
		CBA33BC4161357BD000899B6 /* Release */ = {
			isa = XCBuildConfiguration;
			buildSettings = {
				COMBINE_HIDPI_IMAGES = YES;
				GCC_PRECOMPILE_PREFIX_HEADER = YES;
				GCC_PREFIX_HEADER = "FileSystemBrowser/FileSystemBrowser-Prefix.pch";
				INFOPLIST_FILE = "FileSystemBrowser/FileSystemBrowser-Info.plist";
				PRODUCT_NAME = "$(TARGET_NAME)";
				WRAPPER_EXTENSION = app;
			};
			name = Release;
		};
/* End XCBuildConfiguration section */

/* Begin XCConfigurationList section */
		CBA33B9E161357BD000899B6 /* Build configuration list for PBXProject "FileSystemBrowser" */ = {
			isa = XCConfigurationList;
			buildConfigurations = (
				CBA33BC0161357BD000899B6 /* Debug */,
				CBA33BC1161357BD000899B6 /* Release */,
			);
			defaultConfigurationIsVisible = 0;
			defaultConfigurationName = Release;
		};
		CBA33BC2161357BD000899B6 /* Build configuration list for PBXNativeTarget "FileSystemBrowser" */ = {
			isa = XCConfigurationList;
			buildConfigurations = (
				CBA33BC3161357BD000899B6 /* Debug */,
				CBA33BC4161357BD000899B6 /* Release */,
			);
			defaultConfigurationIsVisible = 0;
			defaultConfigurationName = Release;
		};
/* End XCConfigurationList section */
	};
	rootObject = CBA33B9B161357BD000899B6 /* Project object */;
}
