// !$*UTF8*$!
{
	archiveVersion = 1;
	classes = {
	};
	objectVersion = 53;
	objects = {

/* Begin PBXBuildFile section */
		CB9A58E8243910C900F4664A /* LICENSE.txt in Resources */ = {isa = PBXBuildFile; fileRef = CB9A58E7243910C900F4664A /* LICENSE.txt */; };
		CBA33BA9161357BD000899B6 /* Cocoa.framework in Frameworks */ = {isa = PBXBuildFile; fileRef = CBA33BA8161357BD000899B6 /* Cocoa.framework */; };
		CBA33BB3161357BD000899B6 /* InfoPlist.strings in Resources */ = {isa = PBXBuildFile; fileRef = CBA33BB1161357BD000899B6 /* InfoPlist.strings */; };
		CBA33BB5161357BD000899B6 /* main.m in Sources */ = {isa = PBXBuildFile; fileRef = CBA33BB4161357BD000899B6 /* main.m */; };
		CBA33BBC161357BD000899B6 /* FSBAppDelegate.m in Sources */ = {isa = PBXBuildFile; fileRef = CBA33BBB161357BD000899B6 /* FSBAppDelegate.m */; };
		CBA33BBF161357BD000899B6 /* MainMenu.xib in Resources */ = {isa = PBXBuildFile; fileRef = CBA33BBD161357BD000899B6 /* MainMenu.xib */; };
		CBA33BD71613580F000899B6 /* FSBDefinitions.m in Sources */ = {isa = PBXBuildFile; fileRef = CBA33BCA1613580F000899B6 /* FSBDefinitions.m */; };
		CBA33BD81613580F000899B6 /* FSBDeviceListController.m in Sources */ = {isa = PBXBuildFile; fileRef = CBA33BCC1613580F000899B6 /* FSBDeviceListController.m */; };
		CBA33BD91613580F000899B6 /* FSBBrowserCell.m in Sources */ = {isa = PBXBuildFile; fileRef = CBA33BCE1613580F000899B6 /* FSBBrowserCell.m */; };
		CBA33BDA1613580F000899B6 /* FSBBrowserController.m in Sources */ = {isa = PBXBuildFile; fileRef = CBA33BD01613580F000899B6 /* FSBBrowserController.m */; };
		CBA33BDB1613580F000899B6 /* FSBNode.m in Sources */ = {isa = PBXBuildFile; fileRef = CBA33BD21613580F000899B6 /* FSBNode.m */; };
		CBA33BDC1613580F000899B6 /* ImageAndTextCell.m in Sources */ = {isa = PBXBuildFile; fileRef = CBA33BD41613580F000899B6 /* ImageAndTextCell.m */; };
		CBA33BDD1613580F000899B6 /* NSFileManager+FSBAdditions.m in Sources */ = {isa = PBXBuildFile; fileRef = CBA33BD61613580F000899B6 /* NSFileManager+FSBAdditions.m */; };
/* End PBXBuildFile section */

/* Begin PBXFileReference section */
		CB9A58E7243910C900F4664A /* LICENSE.txt */ = {isa = PBXFileReference; fileEncoding = 4; lastKnownFileType = text; path = LICENSE.txt; sourceTree = "<group>"; };
		CBA33BA4161357BD000899B6 /* FileSystemBrowser.app */ = {isa = PBXFileReference; explicitFileType = wrapper.application; includeInIndex = 0; path = FileSystemBrowser.app; sourceTree = BUILT_PRODUCTS_DIR; };
		CBA33BA8161357BD000899B6 /* Cocoa.framework */ = {isa = PBXFileReference; lastKnownFileType = wrapper.framework; name = Cocoa.framework; path = System/Library/Frameworks/Cocoa.framework; sourceTree = SDKROOT; };
		CBA33BB0161357BD000899B6 /* Info.plist */ = {isa = PBXFileReference; lastKnownFileType = text.plist.xml; path = Info.plist; sourceTree = "<group>"; };
		CBA33BB2161357BD000899B6 /* en */ = {isa = PBXFileReference; lastKnownFileType = text.plist.strings; name = en; path = en.lproj/InfoPlist.strings; sourceTree = "<group>"; };
		CBA33BB4161357BD000899B6 /* main.m */ = {isa = PBXFileReference; lastKnownFileType = sourcecode.c.objc; path = main.m; sourceTree = "<group>"; };
		CBA33BBA161357BD000899B6 /* FSBAppDelegate.h */ = {isa = PBXFileReference; lastKnownFileType = sourcecode.c.h; path = FSBAppDelegate.h; sourceTree = "<group>"; };
		CBA33BBB161357BD000899B6 /* FSBAppDelegate.m */ = {isa = PBXFileReference; lastKnownFileType = sourcecode.c.objc; path = FSBAppDelegate.m; sourceTree = "<group>"; };
		CBA33BC91613580F000899B6 /* FSBDefinitions.h */ = {isa = PBXFileReference; fileEncoding = 4; lastKnownFileType = sourcecode.c.h; path = FSBDefinitions.h; sourceTree = "<group>"; };
		CBA33BCA1613580F000899B6 /* FSBDefinitions.m */ = {isa = PBXFileReference; fileEncoding = 4; lastKnownFileType = sourcecode.c.objc; path = FSBDefinitions.m; sourceTree = "<group>"; };
		CBA33BCB1613580F000899B6 /* FSBDeviceListController.h */ = {isa = PBXFileReference; fileEncoding = 4; lastKnownFileType = sourcecode.c.h; path = FSBDeviceListController.h; sourceTree = "<group>"; };
		CBA33BCC1613580F000899B6 /* FSBDeviceListController.m */ = {isa = PBXFileReference; fileEncoding = 4; lastKnownFileType = sourcecode.c.objc; path = FSBDeviceListController.m; sourceTree = "<group>"; };
		CBA33BCD1613580F000899B6 /* FSBBrowserCell.h */ = {isa = PBXFileReference; fileEncoding = 4; lastKnownFileType = sourcecode.c.h; path = FSBBrowserCell.h; sourceTree = "<group>"; };
		CBA33BCE1613580F000899B6 /* FSBBrowserCell.m */ = {isa = PBXFileReference; fileEncoding = 4; lastKnownFileType = sourcecode.c.objc; path = FSBBrowserCell.m; sourceTree = "<group>"; };
		CBA33BCF1613580F000899B6 /* FSBBrowserController.h */ = {isa = PBXFileReference; fileEncoding = 4; lastKnownFileType = sourcecode.c.h; path = FSBBrowserController.h; sourceTree = "<group>"; };
		CBA33BD01613580F000899B6 /* FSBBrowserController.m */ = {isa = PBXFileReference; fileEncoding = 4; lastKnownFileType = sourcecode.c.objc; path = FSBBrowserController.m; sourceTree = "<group>"; };
		CBA33BD11613580F000899B6 /* FSBNode.h */ = {isa = PBXFileReference; fileEncoding = 4; lastKnownFileType = sourcecode.c.h; path = FSBNode.h; sourceTree = "<group>"; };
		CBA33BD21613580F000899B6 /* FSBNode.m */ = {isa = PBXFileReference; fileEncoding = 4; lastKnownFileType = sourcecode.c.objc; path = FSBNode.m; sourceTree = "<group>"; };
		CBA33BD31613580F000899B6 /* ImageAndTextCell.h */ = {isa = PBXFileReference; fileEncoding = 4; lastKnownFileType = sourcecode.c.h; path = ImageAndTextCell.h; sourceTree = "<group>"; };
		CBA33BD41613580F000899B6 /* ImageAndTextCell.m */ = {isa = PBXFileReference; fileEncoding = 4; lastKnownFileType = sourcecode.c.objc; path = ImageAndTextCell.m; sourceTree = "<group>"; };
		CBA33BD51613580F000899B6 /* NSFileManager+FSBAdditions.h */ = {isa = PBXFileReference; fileEncoding = 4; lastKnownFileType = sourcecode.c.h; path = "NSFileManager+FSBAdditions.h"; sourceTree = "<group>"; };
		CBA33BD61613580F000899B6 /* NSFileManager+FSBAdditions.m */ = {isa = PBXFileReference; fileEncoding = 4; lastKnownFileType = sourcecode.c.objc; path = "NSFileManager+FSBAdditions.m"; sourceTree = "<group>"; };
		CBC444F42434D22800D746D2 /* Base */ = {isa = PBXFileReference; lastKnownFileType = file.xib; name = Base; path = Base.lproj/MainMenu.xib; sourceTree = "<group>"; };
		CBC444F52434D62C00D746D2 /* README.md */ = {isa = PBXFileReference; lastKnownFileType = net.daringfireball.markdown; path = README.md; sourceTree = "<group>"; };
/* End PBXFileReference section */

/* Begin PBXFrameworksBuildPhase section */
		CBA33BA1161357BD000899B6 /* Frameworks */ = {
			isa = PBXFrameworksBuildPhase;
			buildActionMask = 2147483647;
			files = (
				CBA33BA9161357BD000899B6 /* Cocoa.framework in Frameworks */,
			);
			runOnlyForDeploymentPostprocessing = 0;
		};
/* End PBXFrameworksBuildPhase section */

/* Begin PBXGroup section */
		CBA33B99161357BD000899B6 = {
			isa = PBXGroup;
			children = (
				CBC444F52434D62C00D746D2 /* README.md */,
				CB9A58E7243910C900F4664A /* LICENSE.txt */,
				CBA33BAE161357BD000899B6 /* FileSystemBrowser */,
				CBA33BA7161357BD000899B6 /* Frameworks */,
				CBA33BA5161357BD000899B6 /* Products */,
			);
			sourceTree = "<group>";
		};
		CBA33BA5161357BD000899B6 /* Products */ = {
			isa = PBXGroup;
			children = (
				CBA33BA4161357BD000899B6 /* FileSystemBrowser.app */,
			);
			name = Products;
			sourceTree = "<group>";
		};
		CBA33BA7161357BD000899B6 /* Frameworks */ = {
			isa = PBXGroup;
			children = (
				CBA33BA8161357BD000899B6 /* Cocoa.framework */,
			);
			name = Frameworks;
			sourceTree = "<group>";
		};
		CBA33BAE161357BD000899B6 /* FileSystemBrowser */ = {
			isa = PBXGroup;
			children = (
				CBA33BBA161357BD000899B6 /* FSBAppDelegate.h */,
				CBA33BBB161357BD000899B6 /* FSBAppDelegate.m */,
				CBA33BCD1613580F000899B6 /* FSBBrowserCell.h */,
				CBA33BCE1613580F000899B6 /* FSBBrowserCell.m */,
				CBA33BCF1613580F000899B6 /* FSBBrowserController.h */,
				CBA33BD01613580F000899B6 /* FSBBrowserController.m */,
				CBA33BC91613580F000899B6 /* FSBDefinitions.h */,
				CBA33BCA1613580F000899B6 /* FSBDefinitions.m */,
				CBA33BCB1613580F000899B6 /* FSBDeviceListController.h */,
				CBA33BCC1613580F000899B6 /* FSBDeviceListController.m */,
				CBA33BD11613580F000899B6 /* FSBNode.h */,
				CBA33BD21613580F000899B6 /* FSBNode.m */,
				CBA33BBD161357BD000899B6 /* MainMenu.xib */,
				CBA33BD51613580F000899B6 /* NSFileManager+FSBAdditions.h */,
				CBA33BD61613580F000899B6 /* NSFileManager+FSBAdditions.m */,
				CBC805102437C3610084A0C0 /* Apple Sources */,
				CBA33BAF161357BD000899B6 /* Supporting Files */,
			);
			path = FileSystemBrowser;
			sourceTree = "<group>";
		};
		CBA33BAF161357BD000899B6 /* Supporting Files */ = {
			isa = PBXGroup;
			children = (
				CBA33BB0161357BD000899B6 /* Info.plist */,
				CBA33BB1161357BD000899B6 /* InfoPlist.strings */,
				CBA33BB4161357BD000899B6 /* main.m */,
			);
			name = "Supporting Files";
			sourceTree = "<group>";
		};
		CBC805102437C3610084A0C0 /* Apple Sources */ = {
			isa = PBXGroup;
			children = (
				CBA33BD31613580F000899B6 /* ImageAndTextCell.h */,
				CBA33BD41613580F000899B6 /* ImageAndTextCell.m */,
			);
			name = "Apple Sources";
			sourceTree = "<group>";
		};
/* End PBXGroup section */

/* Begin PBXNativeTarget section */
		CBA33BA3161357BD000899B6 /* FileSystemBrowser */ = {
			isa = PBXNativeTarget;
			buildConfigurationList = CBA33BC2161357BD000899B6 /* Build configuration list for PBXNativeTarget "FileSystemBrowser" */;
			buildPhases = (
				CBA33BA0161357BD000899B6 /* Sources */,
				CBA33BA1161357BD000899B6 /* Frameworks */,
				CBA33BA2161357BD000899B6 /* Resources */,
			);
			buildRules = (
			);
			dependencies = (
			);
			name = FileSystemBrowser;
			productName = FileSystemBrowser;
			productReference = CBA33BA4161357BD000899B6 /* FileSystemBrowser.app */;
			productType = "com.apple.product-type.application";
		};
/* End PBXNativeTarget section */

/* Begin PBXProject section */
		CBA33B9B161357BD000899B6 /* Project object */ = {
			isa = PBXProject;
			attributes = {
				CLASSPREFIX = FSB;
				LastUpgradeCheck = 1140;
				ORGANIZATIONNAME = "Karl Moskowski";
			};
			buildConfigurationList = CBA33B9E161357BD000899B6 /* Build configuration list for PBXProject "FileSystemBrowser" */;
			compatibilityVersion = "Xcode 11.4";
			developmentRegion = en;
			hasScannedForEncodings = 0;
			knownRegions = (
				en,
				Base,
			);
			mainGroup = CBA33B99161357BD000899B6;
			productRefGroup = CBA33BA5161357BD000899B6 /* Products */;
			projectDirPath = "";
			projectRoot = "";
			targets = (
				CBA33BA3161357BD000899B6 /* FileSystemBrowser */,
			);
		};
/* End PBXProject section */

/* Begin PBXResourcesBuildPhase section */
		CBA33BA2161357BD000899B6 /* Resources */ = {
			isa = PBXResourcesBuildPhase;
			buildActionMask = 2147483647;
			files = (
				CB9A58E8243910C900F4664A /* LICENSE.txt in Resources */,
				CBA33BB3161357BD000899B6 /* InfoPlist.strings in Resources */,
				CBA33BBF161357BD000899B6 /* MainMenu.xib in Resources */,
			);
			runOnlyForDeploymentPostprocessing = 0;
		};
/* End PBXResourcesBuildPhase section */

/* Begin PBXSourcesBuildPhase section */
		CBA33BA0161357BD000899B6 /* Sources */ = {
			isa = PBXSourcesBuildPhase;
			buildActionMask = 2147483647;
			files = (
				CBA33BB5161357BD000899B6 /* main.m in Sources */,
				CBA33BBC161357BD000899B6 /* FSBAppDelegate.m in Sources */,
				CBA33BD71613580F000899B6 /* FSBDefinitions.m in Sources */,
				CBA33BD81613580F000899B6 /* FSBDeviceListController.m in Sources */,
				CBA33BD91613580F000899B6 /* FSBBrowserCell.m in Sources */,
				CBA33BDA1613580F000899B6 /* FSBBrowserController.m in Sources */,
				CBA33BDB1613580F000899B6 /* FSBNode.m in Sources */,
				CBA33BDC1613580F000899B6 /* ImageAndTextCell.m in Sources */,
				CBA33BDD1613580F000899B6 /* NSFileManager+FSBAdditions.m in Sources */,
			);
			runOnlyForDeploymentPostprocessing = 0;
		};
/* End PBXSourcesBuildPhase section */

/* Begin PBXVariantGroup section */
		CBA33BB1161357BD000899B6 /* InfoPlist.strings */ = {
			isa = PBXVariantGroup;
			children = (
				CBA33BB2161357BD000899B6 /* en */,
			);
			name = InfoPlist.strings;
			sourceTree = "<group>";
		};
		CBA33BBD161357BD000899B6 /* MainMenu.xib */ = {
			isa = PBXVariantGroup;
			children = (
				CBC444F42434D22800D746D2 /* Base */,
			);
			name = MainMenu.xib;
			sourceTree = "<group>";
		};
/* End PBXVariantGroup section */

/* Begin XCBuildConfiguration section */
		CBA33BC0161357BD000899B6 /* Debug */ = {
			isa = XCBuildConfiguration;
			buildSettings = {
				ALWAYS_SEARCH_USER_PATHS = NO;
				CLANG_ANALYZER_LOCALIZABILITY_NONLOCALIZED = YES;
				CLANG_CXX_LANGUAGE_STANDARD = "gnu++0x";
				CLANG_CXX_LIBRARY = "libc++";
				CLANG_ENABLE_MODULES = YES;
				CLANG_ENABLE_OBJC_ARC = YES;
				CLANG_WARN_BLOCK_CAPTURE_AUTORELEASING = YES;
				CLANG_WARN_BOOL_CONVERSION = YES;
				CLANG_WARN_COMMA = YES;
				CLANG_WARN_CONSTANT_CONVERSION = YES;
				CLANG_WARN_DEPRECATED_OBJC_IMPLEMENTATIONS = YES;
				CLANG_WARN_EMPTY_BODY = YES;
				CLANG_WARN_ENUM_CONVERSION = YES;
				CLANG_WARN_INFINITE_RECURSION = YES;
				CLANG_WARN_INT_CONVERSION = YES;
				CLANG_WARN_NON_LITERAL_NULL_CONVERSION = YES;
				CLANG_WARN_OBJC_IMPLICIT_RETAIN_SELF = YES;
				CLANG_WARN_OBJC_LITERAL_CONVERSION = YES;
				CLANG_WARN_RANGE_LOOP_ANALYSIS = YES;
				CLANG_WARN_STRICT_PROTOTYPES = YES;
				CLANG_WARN_SUSPICIOUS_MOVE = YES;
				CLANG_WARN_UNREACHABLE_CODE = YES;
				CLANG_WARN__DUPLICATE_METHOD_MATCH = YES;
				COPY_PHASE_STRIP = NO;
				ENABLE_STRICT_OBJC_MSGSEND = YES;
				ENABLE_TESTABILITY = YES;
				GCC_C_LANGUAGE_STANDARD = gnu99;
				GCC_DYNAMIC_NO_PIC = NO;
				GCC_ENABLE_OBJC_EXCEPTIONS = YES;
				GCC_NO_COMMON_BLOCKS = YES;
				GCC_OPTIMIZATION_LEVEL = 0;
				GCC_PREPROCESSOR_DEFINITIONS = (
					"DEBUG=1",
					"$(inherited)",
				);
				GCC_SYMBOLS_PRIVATE_EXTERN = NO;
				GCC_WARN_64_TO_32_BIT_CONVERSION = YES;
				GCC_WARN_ABOUT_RETURN_TYPE = YES;
				GCC_WARN_UNDECLARED_SELECTOR = YES;
				GCC_WARN_UNINITIALIZED_AUTOS = YES;
				GCC_WARN_UNUSED_FUNCTION = YES;
				GCC_WARN_UNUSED_VARIABLE = YES;
				MACOSX_DEPLOYMENT_TARGET = 10.8;
				ONLY_ACTIVE_ARCH = YES;
				SDKROOT = macosx;
			};
			name = Debug;
		};
		CBA33BC1161357BD000899B6 /* Release */ = {
			isa = XCBuildConfiguration;
			buildSettings = {
				ALWAYS_SEARCH_USER_PATHS = NO;
				CLANG_ANALYZER_LOCALIZABILITY_NONLOCALIZED = YES;
				CLANG_CXX_LANGUAGE_STANDARD = "gnu++0x";
				CLANG_CXX_LIBRARY = "libc++";
				CLANG_ENABLE_MODULES = YES;
				CLANG_ENABLE_OBJC_ARC = YES;
				CLANG_WARN_BLOCK_CAPTURE_AUTORELEASING = YES;
				CLANG_WARN_BOOL_CONVERSION = YES;
				CLANG_WARN_COMMA = YES;
				CLANG_WARN_CONSTANT_CONVERSION = YES;
				CLANG_WARN_DEPRECATED_OBJC_IMPLEMENTATIONS = YES;
				CLANG_WARN_EMPTY_BODY = YES;
				CLANG_WARN_ENUM_CONVERSION = YES;
				CLANG_WARN_INFINITE_RECURSION = YES;
				CLANG_WARN_INT_CONVERSION = YES;
				CLANG_WARN_NON_LITERAL_NULL_CONVERSION = YES;
				CLANG_WARN_OBJC_IMPLICIT_RETAIN_SELF = YES;
				CLANG_WARN_OBJC_LITERAL_CONVERSION = YES;
				CLANG_WARN_RANGE_LOOP_ANALYSIS = YES;
				CLANG_WARN_STRICT_PROTOTYPES = YES;
				CLANG_WARN_SUSPICIOUS_MOVE = YES;
				CLANG_WARN_UNREACHABLE_CODE = YES;
				CLANG_WARN__DUPLICATE_METHOD_MATCH = YES;
				COPY_PHASE_STRIP = YES;
				DEBUG_INFORMATION_FORMAT = "dwarf-with-dsym";
				ENABLE_STRICT_OBJC_MSGSEND = YES;
				GCC_C_LANGUAGE_STANDARD = gnu99;
				GCC_ENABLE_OBJC_EXCEPTIONS = YES;
				GCC_NO_COMMON_BLOCKS = YES;
				GCC_WARN_64_TO_32_BIT_CONVERSION = YES;
				GCC_WARN_ABOUT_RETURN_TYPE = YES;
				GCC_WARN_UNDECLARED_SELECTOR = YES;
				GCC_WARN_UNINITIALIZED_AUTOS = YES;
				GCC_WARN_UNUSED_FUNCTION = YES;
				GCC_WARN_UNUSED_VARIABLE = YES;
				MACOSX_DEPLOYMENT_TARGET = 10.8;
				SDKROOT = macosx;
			};
			name = Release;
		};
		CBA33BC3161357BD000899B6 /* Debug */ = {
			isa = XCBuildConfiguration;
			buildSettings = {
				CODE_SIGN_IDENTITY = "Apple Development";
				CODE_SIGN_STYLE = Automatic;
				DEVELOPMENT_TEAM = E384S427VZ;
				INFOPLIST_FILE = FileSystemBrowser/Info.plist;
				PRODUCT_BUNDLE_IDENTIFIER = me.karlmoskowski.FileSystemBrowser;
				PRODUCT_NAME = "$(TARGET_NAME)";
				PROVISIONING_PROFILE_SPECIFIER = "";
				WRAPPER_EXTENSION = app;
			};
			name = Debug;
		};
		CBA33BC4161357BD000899B6 /* Release */ = {
			isa = XCBuildConfiguration;
			buildSettings = {
				CODE_SIGN_IDENTITY = "Apple Development";
				CODE_SIGN_STYLE = Automatic;
				DEVELOPMENT_TEAM = E384S427VZ;
				INFOPLIST_FILE = FileSystemBrowser/Info.plist;
				PRODUCT_BUNDLE_IDENTIFIER = me.karlmoskowski.FileSystemBrowser;
				PRODUCT_NAME = "$(TARGET_NAME)";
				PROVISIONING_PROFILE_SPECIFIER = "";
				WRAPPER_EXTENSION = app;
			};
			name = Release;
		};
/* End XCBuildConfiguration section */

/* Begin XCConfigurationList section */
		CBA33B9E161357BD000899B6 /* Build configuration list for PBXProject "FileSystemBrowser" */ = {
			isa = XCConfigurationList;
			buildConfigurations = (
				CBA33BC0161357BD000899B6 /* Debug */,
				CBA33BC1161357BD000899B6 /* Release */,
			);
			defaultConfigurationIsVisible = 0;
			defaultConfigurationName = Release;
		};
		CBA33BC2161357BD000899B6 /* Build configuration list for PBXNativeTarget "FileSystemBrowser" */ = {
			isa = XCConfigurationList;
			buildConfigurations = (
				CBA33BC3161357BD000899B6 /* Debug */,
				CBA33BC4161357BD000899B6 /* Release */,
			);
			defaultConfigurationIsVisible = 0;
			defaultConfigurationName = Release;
		};
/* End XCConfigurationList section */
	};
	rootObject = CBA33B9B161357BD000899B6 /* Project object */;
}
